
Microsoft Visual Studio Solution File, Format Version 12.00
# Visual Studio Version 17
VisualStudioVersion = 17.0.31903.59
MinimumVisualStudioVersion = 10.0.40219.1
Project("{FAE04EC0-301F-11D3-BF4B-00C04F79EFBC}") = "refresher", "refresher\refresher.csproj", "{394EFEA6-D296-40F8-B41E-ADE6B451F6BE}"
EndProject
Project("{FAE04EC0-301F-11D3-BF4B-00C04F79EFBC}") = "StringPlay", "StringPlay\StringPlay.csproj", "{6DF38F03-CC88-4193-857A-98317021D64C}"
EndProject
Global
	GlobalSection(SolutionConfigurationPlatforms) = preSolution
		Debug|Any CPU = Debug|Any CPU
		Release|Any CPU = Release|Any CPU
	EndGlobalSection
	GlobalSection(SolutionProperties) = preSolution
		HideSolutionNode = FALSE
	EndGlobalSection
	GlobalSection(ProjectConfigurationPlatforms) = postSolution
		{394EFEA6-D296-40F8-B41E-ADE6B451F6BE}.Debug|Any CPU.ActiveCfg = Debug|Any CPU
		{394EFEA6-D296-40F8-B41E-ADE6B451F6BE}.Debug|Any CPU.Build.0 = Debug|Any CPU
		{394EFEA6-D296-40F8-B41E-ADE6B451F6BE}.Release|Any CPU.ActiveCfg = Release|Any CPU
		{394EFEA6-D296-40F8-B41E-ADE6B451F6BE}.Release|Any CPU.Build.0 = Release|Any CPU
		{6DF38F03-CC88-4193-857A-98317021D64C}.Debug|Any CPU.ActiveCfg = Debug|Any CPU
		{6DF38F03-CC88-4193-857A-98317021D64C}.Debug|Any CPU.Build.0 = Debug|Any CPU
		{6DF38F03-CC88-4193-857A-98317021D64C}.Release|Any CPU.ActiveCfg = Release|Any CPU
		{6DF38F03-CC88-4193-857A-98317021D64C}.Release|Any CPU.Build.0 = Release|Any CPU
	EndGlobalSection
EndGlobal
